{
  "object": {
    "pins": [
      {
        "package": "sXPC",
        "repositoryURL": "https://github.com/Alkenso/sXPC.git",
        "state": {
          "branch": "main",
          "revision": "f9f1e926a56f95da1101b040e68684538b0638bd",
          "version": null
        }
      }
    ]
  },
  "version": 1
}
