{
  "object": {
    "pins": [
      {
        "package": "sXPC",
        "repositoryURL": "https://github.com/Alkenso/sXPC.git",
        "state": {
          "branch": null,
          "revision": "af383a6399fcc13029f12448de857b8b5431bb6c",
          "version": null
        }
      }
    ]
  },
  "version": 1
}
